
Microsoft Visual Studio Solution File, Format Version 12.00
# Visual Studio Version 17
VisualStudioVersion = 17.8.34511.84
MinimumVisualStudioVersion = 10.0.40219.1
Project("{FAE04EC0-301F-11D3-BF4B-00C04F79EFBC}") = "Practic", "Practic\Practic.csproj", "{7A4C5A7C-C1A5-4392-8F05-EFD320C07D83}"
EndProject
Global
	GlobalSection(SolutionConfigurationPlatforms) = preSolution
		Debug|Any CPU = Debug|Any CPU
		Release|Any CPU = Release|Any CPU
	EndGlobalSection
	GlobalSection(ProjectConfigurationPlatforms) = postSolution
		{7A4C5A7C-C1A5-4392-8F05-EFD320C07D83}.Debug|Any CPU.ActiveCfg = Debug|Any CPU
		{7A4C5A7C-C1A5-4392-8F05-EFD320C07D83}.Debug|Any CPU.Build.0 = Debug|Any CPU
		{7A4C5A7C-C1A5-4392-8F05-EFD320C07D83}.Release|Any CPU.ActiveCfg = Release|Any CPU
		{7A4C5A7C-C1A5-4392-8F05-EFD320C07D83}.Release|Any CPU.Build.0 = Release|Any CPU
	EndGlobalSection
	GlobalSection(SolutionProperties) = preSolution
		HideSolutionNode = FALSE
	EndGlobalSection
	GlobalSection(ExtensibilityGlobals) = postSolution
		SolutionGuid = {55D1684F-ADA2-4E09-A6D9-DB06C89B0BD8}
	EndGlobalSection
EndGlobal
